# This file is automatically @generated by Cargo.
# It is not intended for manual editing.
[[package]]
name = "adler32"
version = "1.0.4"
source = "registry+https://github.com/rust-lang/crates.io-index"

[[package]]
name = "autocfg"
version = "1.0.0"
source = "registry+https://github.com/rust-lang/crates.io-index"

[[package]]
name = "bitflags"
version = "1.2.1"
source = "registry+https://github.com/rust-lang/crates.io-index"

[[package]]
name = "cc"
version = "1.0.50"
source = "registry+https://github.com/rust-lang/crates.io-index"

[[package]]
name = "cfg-if"
version = "0.1.10"
source = "registry+https://github.com/rust-lang/crates.io-index"

[[package]]
name = "crc32fast"
version = "1.2.0"
source = "registry+https://github.com/rust-lang/crates.io-index"
dependencies = [
 "cfg-if 0.1.10 (registry+https://github.com/rust-lang/crates.io-index)",
]

[[package]]
name = "flate2"
version = "1.0.14"
source = "registry+https://github.com/rust-lang/crates.io-index"
dependencies = [
 "cfg-if 0.1.10 (registry+https://github.com/rust-lang/crates.io-index)",
 "crc32fast 1.2.0 (registry+https://github.com/rust-lang/crates.io-index)",
 "libc 0.2.68 (registry+https://github.com/rust-lang/crates.io-index)",
 "miniz_oxide 0.3.6 (registry+https://github.com/rust-lang/crates.io-index)",
]

[[package]]
name = "foreign-types"
version = "0.3.2"
source = "registry+https://github.com/rust-lang/crates.io-index"
dependencies = [
 "foreign-types-shared 0.1.1 (registry+https://github.com/rust-lang/crates.io-index)",
]

[[package]]
name = "foreign-types-shared"
version = "0.1.1"
source = "registry+https://github.com/rust-lang/crates.io-index"

[[package]]
name = "itoa"
version = "0.4.5"
source = "registry+https://github.com/rust-lang/crates.io-index"

[[package]]
name = "lazy_static"
version = "1.4.0"
source = "registry+https://github.com/rust-lang/crates.io-index"

[[package]]
name = "libc"
version = "0.2.68"
source = "registry+https://github.com/rust-lang/crates.io-index"

[[package]]
name = "minecrust"
version = "0.1.0"
dependencies = [
 "flate2 1.0.14 (registry+https://github.com/rust-lang/crates.io-index)",
 "openssl 0.10.29 (registry+https://github.com/rust-lang/crates.io-index)",
 "serde 1.0.106 (registry+https://github.com/rust-lang/crates.io-index)",
 "serde_json 1.0.51 (registry+https://github.com/rust-lang/crates.io-index)",
]

[[package]]
name = "miniz_oxide"
version = "0.3.6"
source = "registry+https://github.com/rust-lang/crates.io-index"
dependencies = [
 "adler32 1.0.4 (registry+https://github.com/rust-lang/crates.io-index)",
]

[[package]]
name = "openssl"
version = "0.10.29"
source = "registry+https://github.com/rust-lang/crates.io-index"
dependencies = [
 "bitflags 1.2.1 (registry+https://github.com/rust-lang/crates.io-index)",
 "cfg-if 0.1.10 (registry+https://github.com/rust-lang/crates.io-index)",
 "foreign-types 0.3.2 (registry+https://github.com/rust-lang/crates.io-index)",
 "lazy_static 1.4.0 (registry+https://github.com/rust-lang/crates.io-index)",
 "libc 0.2.68 (registry+https://github.com/rust-lang/crates.io-index)",
 "openssl-sys 0.9.55 (registry+https://github.com/rust-lang/crates.io-index)",
]

[[package]]
name = "openssl-sys"
version = "0.9.55"
source = "registry+https://github.com/rust-lang/crates.io-index"
dependencies = [
 "autocfg 1.0.0 (registry+https://github.com/rust-lang/crates.io-index)",
 "cc 1.0.50 (registry+https://github.com/rust-lang/crates.io-index)",
 "libc 0.2.68 (registry+https://github.com/rust-lang/crates.io-index)",
 "pkg-config 0.3.17 (registry+https://github.com/rust-lang/crates.io-index)",
 "vcpkg 0.2.8 (registry+https://github.com/rust-lang/crates.io-index)",
]

[[package]]
name = "pkg-config"
version = "0.3.17"
source = "registry+https://github.com/rust-lang/crates.io-index"

[[package]]
name = "proc-macro2"
version = "1.0.10"
source = "registry+https://github.com/rust-lang/crates.io-index"
dependencies = [
 "unicode-xid 0.2.0 (registry+https://github.com/rust-lang/crates.io-index)",
]

[[package]]
name = "quote"
version = "1.0.3"
source = "registry+https://github.com/rust-lang/crates.io-index"
dependencies = [
 "proc-macro2 1.0.10 (registry+https://github.com/rust-lang/crates.io-index)",
]

[[package]]
name = "ryu"
version = "1.0.3"
source = "registry+https://github.com/rust-lang/crates.io-index"

[[package]]
name = "serde"
version = "1.0.106"
source = "registry+https://github.com/rust-lang/crates.io-index"
dependencies = [
 "serde_derive 1.0.106 (registry+https://github.com/rust-lang/crates.io-index)",
]

[[package]]
name = "serde_derive"
version = "1.0.106"
source = "registry+https://github.com/rust-lang/crates.io-index"
dependencies = [
 "proc-macro2 1.0.10 (registry+https://github.com/rust-lang/crates.io-index)",
 "quote 1.0.3 (registry+https://github.com/rust-lang/crates.io-index)",
 "syn 1.0.17 (registry+https://github.com/rust-lang/crates.io-index)",
]

[[package]]
name = "serde_json"
version = "1.0.51"
source = "registry+https://github.com/rust-lang/crates.io-index"
dependencies = [
 "itoa 0.4.5 (registry+https://github.com/rust-lang/crates.io-index)",
 "ryu 1.0.3 (registry+https://github.com/rust-lang/crates.io-index)",
 "serde 1.0.106 (registry+https://github.com/rust-lang/crates.io-index)",
]

[[package]]
name = "syn"
version = "1.0.17"
source = "registry+https://github.com/rust-lang/crates.io-index"
dependencies = [
 "proc-macro2 1.0.10 (registry+https://github.com/rust-lang/crates.io-index)",
 "quote 1.0.3 (registry+https://github.com/rust-lang/crates.io-index)",
 "unicode-xid 0.2.0 (registry+https://github.com/rust-lang/crates.io-index)",
]

[[package]]
name = "unicode-xid"
version = "0.2.0"
source = "registry+https://github.com/rust-lang/crates.io-index"

[[package]]
name = "vcpkg"
version = "0.2.8"
source = "registry+https://github.com/rust-lang/crates.io-index"

[metadata]
"checksum adler32 1.0.4 (registry+https://github.com/rust-lang/crates.io-index)" = "5d2e7343e7fc9de883d1b0341e0b13970f764c14101234857d2ddafa1cb1cac2"
"checksum autocfg 1.0.0 (registry+https://github.com/rust-lang/crates.io-index)" = "f8aac770f1885fd7e387acedd76065302551364496e46b3dd00860b2f8359b9d"
"checksum bitflags 1.2.1 (registry+https://github.com/rust-lang/crates.io-index)" = "cf1de2fe8c75bc145a2f577add951f8134889b4795d47466a54a5c846d691693"
"checksum cc 1.0.50 (registry+https://github.com/rust-lang/crates.io-index)" = "95e28fa049fda1c330bcf9d723be7663a899c4679724b34c81e9f5a326aab8cd"
"checksum cfg-if 0.1.10 (registry+https://github.com/rust-lang/crates.io-index)" = "4785bdd1c96b2a846b2bd7cc02e86b6b3dbf14e7e53446c4f54c92a361040822"
"checksum crc32fast 1.2.0 (registry+https://github.com/rust-lang/crates.io-index)" = "ba125de2af0df55319f41944744ad91c71113bf74a4646efff39afe1f6842db1"
"checksum flate2 1.0.14 (registry+https://github.com/rust-lang/crates.io-index)" = "2cfff41391129e0a856d6d822600b8d71179d46879e310417eb9c762eb178b42"
"checksum foreign-types 0.3.2 (registry+https://github.com/rust-lang/crates.io-index)" = "f6f339eb8adc052cd2ca78910fda869aefa38d22d5cb648e6485e4d3fc06f3b1"
"checksum foreign-types-shared 0.1.1 (registry+https://github.com/rust-lang/crates.io-index)" = "00b0228411908ca8685dba7fc2cdd70ec9990a6e753e89b6ac91a84c40fbaf4b"
"checksum itoa 0.4.5 (registry+https://github.com/rust-lang/crates.io-index)" = "b8b7a7c0c47db5545ed3fef7468ee7bb5b74691498139e4b3f6a20685dc6dd8e"
"checksum lazy_static 1.4.0 (registry+https://github.com/rust-lang/crates.io-index)" = "e2abad23fbc42b3700f2f279844dc832adb2b2eb069b2df918f455c4e18cc646"
"checksum libc 0.2.68 (registry+https://github.com/rust-lang/crates.io-index)" = "dea0c0405123bba743ee3f91f49b1c7cfb684eef0da0a50110f758ccf24cdff0"
"checksum miniz_oxide 0.3.6 (registry+https://github.com/rust-lang/crates.io-index)" = "aa679ff6578b1cddee93d7e82e263b94a575e0bfced07284eb0c037c1d2416a5"
"checksum openssl 0.10.29 (registry+https://github.com/rust-lang/crates.io-index)" = "cee6d85f4cb4c4f59a6a85d5b68a233d280c82e29e822913b9c8b129fbf20bdd"
"checksum openssl-sys 0.9.55 (registry+https://github.com/rust-lang/crates.io-index)" = "7717097d810a0f2e2323f9e5d11e71608355e24828410b55b9d4f18aa5f9a5d8"
"checksum pkg-config 0.3.17 (registry+https://github.com/rust-lang/crates.io-index)" = "05da548ad6865900e60eaba7f589cc0783590a92e940c26953ff81ddbab2d677"
"checksum proc-macro2 1.0.10 (registry+https://github.com/rust-lang/crates.io-index)" = "df246d292ff63439fea9bc8c0a270bed0e390d5ebd4db4ba15aba81111b5abe3"
"checksum quote 1.0.3 (registry+https://github.com/rust-lang/crates.io-index)" = "2bdc6c187c65bca4260c9011c9e3132efe4909da44726bad24cf7572ae338d7f"
"checksum ryu 1.0.3 (registry+https://github.com/rust-lang/crates.io-index)" = "535622e6be132bccd223f4bb2b8ac8d53cda3c7a6394944d3b2b33fb974f9d76"
"checksum serde 1.0.106 (registry+https://github.com/rust-lang/crates.io-index)" = "36df6ac6412072f67cf767ebbde4133a5b2e88e76dc6187fa7104cd16f783399"
"checksum serde_derive 1.0.106 (registry+https://github.com/rust-lang/crates.io-index)" = "9e549e3abf4fb8621bd1609f11dfc9f5e50320802273b12f3811a67e6716ea6c"
"checksum serde_json 1.0.51 (registry+https://github.com/rust-lang/crates.io-index)" = "da07b57ee2623368351e9a0488bb0b261322a15a6e0ae53e243cbdc0f4208da9"
"checksum syn 1.0.17 (registry+https://github.com/rust-lang/crates.io-index)" = "0df0eb663f387145cab623dea85b09c2c5b4b0aef44e945d928e682fce71bb03"
"checksum unicode-xid 0.2.0 (registry+https://github.com/rust-lang/crates.io-index)" = "826e7639553986605ec5979c7dd957c7895e93eabed50ab2ffa7f6128a75097c"
"checksum vcpkg 0.2.8 (registry+https://github.com/rust-lang/crates.io-index)" = "3fc439f2794e98976c88a2a2dafce96b930fe8010b0a256b3c2199a773933168"
